
Microsoft Visual Studio Solution File, Format Version 12.00
# Visual Studio Version 17
VisualStudioVersion = 17.1.32328.378
MinimumVisualStudioVersion = 10.0.40219.1
Project("{FAE04EC0-301F-11D3-BF4B-00C04F79EFBC}") = "KnockoutWebformWithController0102", "KnockoutWebformWithController0102\KnockoutWebformWithController0102.csproj", "{7801BEB5-B59A-43A2-AB82-120C75CAFEF2}"
EndProject
Project("{FAE04EC0-301F-11D3-BF4B-00C04F79EFBC}") = "ClassLibrary1", "ClassLibrary1\ClassLibrary1.csproj", "{904DCB0D-967D-4B64-A931-40098EFF8722}"
EndProject
Global
	GlobalSection(SolutionConfigurationPlatforms) = preSolution
		Debug|Any CPU = Debug|Any CPU
		Release|Any CPU = Release|Any CPU
	EndGlobalSection
	GlobalSection(ProjectConfigurationPlatforms) = postSolution
		{7801BEB5-B59A-43A2-AB82-120C75CAFEF2}.Debug|Any CPU.ActiveCfg = Debug|Any CPU
		{7801BEB5-B59A-43A2-AB82-120C75CAFEF2}.Debug|Any CPU.Build.0 = Debug|Any CPU
		{7801BEB5-B59A-43A2-AB82-120C75CAFEF2}.Release|Any CPU.ActiveCfg = Release|Any CPU
		{7801BEB5-B59A-43A2-AB82-120C75CAFEF2}.Release|Any CPU.Build.0 = Release|Any CPU
		{904DCB0D-967D-4B64-A931-40098EFF8722}.Debug|Any CPU.ActiveCfg = Debug|Any CPU
		{904DCB0D-967D-4B64-A931-40098EFF8722}.Debug|Any CPU.Build.0 = Debug|Any CPU
		{904DCB0D-967D-4B64-A931-40098EFF8722}.Release|Any CPU.ActiveCfg = Release|Any CPU
		{904DCB0D-967D-4B64-A931-40098EFF8722}.Release|Any CPU.Build.0 = Release|Any CPU
	EndGlobalSection
	GlobalSection(SolutionProperties) = preSolution
		HideSolutionNode = FALSE
	EndGlobalSection
	GlobalSection(ExtensibilityGlobals) = postSolution
		SolutionGuid = {EC798517-F22E-481C-A82F-11653942C071}
	EndGlobalSection
EndGlobal
