
Microsoft Visual Studio Solution File, Format Version 12.00
# Visual Studio Version 17
VisualStudioVersion = 17.1.32328.378
MinimumVisualStudioVersion = 10.0.40219.1
Project("{FAE04EC0-301F-11D3-BF4B-00C04F79EFBC}") = "jpt", "jpt\jpt.csproj", "{FE60B21B-14E8-4936-A521-9D3DD0FC887C}"
EndProject
Global
	GlobalSection(SolutionConfigurationPlatforms) = preSolution
		Debug|Any CPU = Debug|Any CPU
		Release|Any CPU = Release|Any CPU
	EndGlobalSection
	GlobalSection(ProjectConfigurationPlatforms) = postSolution
		{FE60B21B-14E8-4936-A521-9D3DD0FC887C}.Debug|Any CPU.ActiveCfg = Debug|Any CPU
		{FE60B21B-14E8-4936-A521-9D3DD0FC887C}.Debug|Any CPU.Build.0 = Debug|Any CPU
		{FE60B21B-14E8-4936-A521-9D3DD0FC887C}.Release|Any CPU.ActiveCfg = Release|Any CPU
		{FE60B21B-14E8-4936-A521-9D3DD0FC887C}.Release|Any CPU.Build.0 = Release|Any CPU
	EndGlobalSection
	GlobalSection(SolutionProperties) = preSolution
		HideSolutionNode = FALSE
	EndGlobalSection
	GlobalSection(ExtensibilityGlobals) = postSolution
		SolutionGuid = {B5551DF1-8F13-4D31-B7B0-C8531E822C5F}
	EndGlobalSection
EndGlobal
