
Microsoft Visual Studio Solution File, Format Version 12.00
# Visual Studio Version 17
VisualStudioVersion = 17.1.32328.378
MinimumVisualStudioVersion = 10.0.40219.1
Project("{FAE04EC0-301F-11D3-BF4B-00C04F79EFBC}") = "webcam", "webcam\webcam.csproj", "{415F3A0D-C8DF-4DB2-B235-7B3EF47DA89D}"
EndProject
Global
	GlobalSection(SolutionConfigurationPlatforms) = preSolution
		Debug|Any CPU = Debug|Any CPU
		Release|Any CPU = Release|Any CPU
	EndGlobalSection
	GlobalSection(ProjectConfigurationPlatforms) = postSolution
		{415F3A0D-C8DF-4DB2-B235-7B3EF47DA89D}.Debug|Any CPU.ActiveCfg = Debug|Any CPU
		{415F3A0D-C8DF-4DB2-B235-7B3EF47DA89D}.Debug|Any CPU.Build.0 = Debug|Any CPU
		{415F3A0D-C8DF-4DB2-B235-7B3EF47DA89D}.Release|Any CPU.ActiveCfg = Release|Any CPU
		{415F3A0D-C8DF-4DB2-B235-7B3EF47DA89D}.Release|Any CPU.Build.0 = Release|Any CPU
	EndGlobalSection
	GlobalSection(SolutionProperties) = preSolution
		HideSolutionNode = FALSE
	EndGlobalSection
	GlobalSection(ExtensibilityGlobals) = postSolution
		SolutionGuid = {C703EC79-0919-449A-9B33-44D1CCA822F2}
	EndGlobalSection
EndGlobal
